
Microsoft Visual Studio Solution File, Format Version 12.00
# Visual Studio Version 17
VisualStudioVersion = 17.9.34701.34
MinimumVisualStudioVersion = 10.0.40219.1
Project("{FAE04EC0-301F-11D3-BF4B-00C04F79EFBC}") = "LemonTest", "LemonTest\LemonTest.csproj", "{0989E79B-985F-4D28-BBA3-D2844E9ED55D}"
EndProject
Global
	GlobalSection(SolutionConfigurationPlatforms) = preSolution
		Debug|Any CPU = Debug|Any CPU
		Release|Any CPU = Release|Any CPU
	EndGlobalSection
	GlobalSection(ProjectConfigurationPlatforms) = postSolution
		{0989E79B-985F-4D28-BBA3-D2844E9ED55D}.Debug|Any CPU.ActiveCfg = Debug|Any CPU
		{0989E79B-985F-4D28-BBA3-D2844E9ED55D}.Debug|Any CPU.Build.0 = Debug|Any CPU
		{0989E79B-985F-4D28-BBA3-D2844E9ED55D}.Release|Any CPU.ActiveCfg = Release|Any CPU
		{0989E79B-985F-4D28-BBA3-D2844E9ED55D}.Release|Any CPU.Build.0 = Release|Any CPU
	EndGlobalSection
	GlobalSection(SolutionProperties) = preSolution
		HideSolutionNode = FALSE
	EndGlobalSection
	GlobalSection(ExtensibilityGlobals) = postSolution
		SolutionGuid = {45E8E2E8-BE01-4F37-8757-ECA22652CA5F}
	EndGlobalSection
EndGlobal
